
Microsoft Visual Studio Solution File, Format Version 12.00
# Visual Studio 15
VisualStudioVersion = 15.0.27130.2024
MinimumVisualStudioVersion = 10.0.40219.1
Project("{FAE04EC0-301F-11D3-BF4B-00C04F79EFBC}") = "CsPanel", "CsPanel\CsPanel.csproj", "{AD6B5AA9-FE85-48B8-8B6D-C923CCA1260B}"
EndProject
Global
	GlobalSection(SolutionConfigurationPlatforms) = preSolution
		Debug|Any CPU = Debug|Any CPU
		Release|Any CPU = Release|Any CPU
	EndGlobalSection
	GlobalSection(ProjectConfigurationPlatforms) = postSolution
		{AD6B5AA9-FE85-48B8-8B6D-C923CCA1260B}.Debug|Any CPU.ActiveCfg = Debug|Any CPU
		{AD6B5AA9-FE85-48B8-8B6D-C923CCA1260B}.Debug|Any CPU.Build.0 = Debug|Any CPU
		{AD6B5AA9-FE85-48B8-8B6D-C923CCA1260B}.Release|Any CPU.ActiveCfg = Release|Any CPU
		{AD6B5AA9-FE85-48B8-8B6D-C923CCA1260B}.Release|Any CPU.Build.0 = Release|Any CPU
	EndGlobalSection
	GlobalSection(SolutionProperties) = preSolution
		HideSolutionNode = FALSE
	EndGlobalSection
	GlobalSection(ExtensibilityGlobals) = postSolution
		SolutionGuid = {DDCD8B74-17B1-4C37-BF09-A7E25A2F1245}
	EndGlobalSection
EndGlobal
